
Microsoft Visual Studio Solution File, Format Version 12.00
# Visual Studio Version 16
VisualStudioVersion = 16.0.28822.285
MinimumVisualStudioVersion = 10.0.40219.1
Project("{8BC9CEB8-8B4A-11D0-8D11-00A0C91BC942}") = "sample", "sample\sample.vcxproj", "{484A8AD8-C7BD-47DF-89FD-AB6F352EA497}"
EndProject
Project("{8BC9CEB8-8B4A-11D0-8D11-00A0C91BC942}") = "test", "test\test.vcxproj", "{F0F073BB-BF2E-4EC5-A41B-15D3663674E3}"
EndProject
Project("{8BC9CEB8-8B4A-11D0-8D11-00A0C91BC942}") = "sample3", "sample3\sample3.vcxproj", "{4BC5A373-71E4-4F87-AE10-574434999D32}"
EndProject
Global
	GlobalSection(SolutionConfigurationPlatforms) = preSolution
		Debug|x64 = Debug|x64
		Debug|x86 = Debug|x86
		Release|x64 = Release|x64
		Release|x86 = Release|x86
	EndGlobalSection
	GlobalSection(ProjectConfigurationPlatforms) = postSolution
		{484A8AD8-C7BD-47DF-89FD-AB6F352EA497}.Debug|x64.ActiveCfg = Debug|x64
		{484A8AD8-C7BD-47DF-89FD-AB6F352EA497}.Debug|x64.Build.0 = Debug|x64
		{484A8AD8-C7BD-47DF-89FD-AB6F352EA497}.Debug|x86.ActiveCfg = Debug|Win32
		{484A8AD8-C7BD-47DF-89FD-AB6F352EA497}.Debug|x86.Build.0 = Debug|Win32
		{484A8AD8-C7BD-47DF-89FD-AB6F352EA497}.Release|x64.ActiveCfg = Release|x64
		{484A8AD8-C7BD-47DF-89FD-AB6F352EA497}.Release|x64.Build.0 = Release|x64
		{484A8AD8-C7BD-47DF-89FD-AB6F352EA497}.Release|x86.ActiveCfg = Release|Win32
		{484A8AD8-C7BD-47DF-89FD-AB6F352EA497}.Release|x86.Build.0 = Release|Win32
		{F0F073BB-BF2E-4EC5-A41B-15D3663674E3}.Debug|x64.ActiveCfg = Debug|x64
		{F0F073BB-BF2E-4EC5-A41B-15D3663674E3}.Debug|x64.Build.0 = Debug|x64
		{F0F073BB-BF2E-4EC5-A41B-15D3663674E3}.Debug|x86.ActiveCfg = Debug|Win32
		{F0F073BB-BF2E-4EC5-A41B-15D3663674E3}.Debug|x86.Build.0 = Debug|Win32
		{F0F073BB-BF2E-4EC5-A41B-15D3663674E3}.Release|x64.ActiveCfg = Release|x64
		{F0F073BB-BF2E-4EC5-A41B-15D3663674E3}.Release|x64.Build.0 = Release|x64
		{F0F073BB-BF2E-4EC5-A41B-15D3663674E3}.Release|x86.ActiveCfg = Release|Win32
		{F0F073BB-BF2E-4EC5-A41B-15D3663674E3}.Release|x86.Build.0 = Release|Win32
		{4BC5A373-71E4-4F87-AE10-574434999D32}.Debug|x64.ActiveCfg = Debug|x64
		{4BC5A373-71E4-4F87-AE10-574434999D32}.Debug|x64.Build.0 = Debug|x64
		{4BC5A373-71E4-4F87-AE10-574434999D32}.Debug|x86.ActiveCfg = Debug|Win32
		{4BC5A373-71E4-4F87-AE10-574434999D32}.Debug|x86.Build.0 = Debug|Win32
		{4BC5A373-71E4-4F87-AE10-574434999D32}.Release|x64.ActiveCfg = Release|x64
		{4BC5A373-71E4-4F87-AE10-574434999D32}.Release|x64.Build.0 = Release|x64
		{4BC5A373-71E4-4F87-AE10-574434999D32}.Release|x86.ActiveCfg = Release|Win32
		{4BC5A373-71E4-4F87-AE10-574434999D32}.Release|x86.Build.0 = Release|Win32
	EndGlobalSection
	GlobalSection(SolutionProperties) = preSolution
		HideSolutionNode = FALSE
	EndGlobalSection
	GlobalSection(ExtensibilityGlobals) = postSolution
		SolutionGuid = {2E92690E-BB3A-494B-A231-065EBF398074}
	EndGlobalSection
EndGlobal
